{
    "name": "react-native-pdf",
    "version": "1.2.3",
    "lockfileVersion": 1,
    "dependencies": {
        "asap": {
            "version": "2.0.6",
            "resolved": "https://registry.npmjs.org/asap/-/asap-2.0.6.tgz",
            "integrity": "sha1-5QNHYR1+aQlDIIu9r+vLwvuGbUY="
        },
        "balanced-match": {
            "version": "1.0.0",
            "resolved": "https://registry.npmjs.org/balanced-match/-/balanced-match-1.0.0.tgz",
            "integrity": "sha1-ibTRmasr7kneFk6gK4nORi1xt2c="
        },
        "base-64": {
            "version": "0.1.0",
            "resolved": "https://registry.npmjs.org/base-64/-/base-64-0.1.0.tgz",
            "integrity": "sha1-eAqZyE59YAJgNhURxId2E78k9rs="
        },
        "brace-expansion": {
            "version": "1.1.8",
            "resolved": "https://registry.npmjs.org/brace-expansion/-/brace-expansion-1.1.8.tgz",
            "integrity": "sha1-wHshHHyVLsH479Uad+8NHTmQopI="
        },
        "concat-map": {
            "version": "0.0.1",
            "resolved": "https://registry.npmjs.org/concat-map/-/concat-map-0.0.1.tgz",
            "integrity": "sha1-2Klr13/Wjfd5OnMDajug1UBdR3s="
        },
        "core-js": {
            "version": "1.2.7",
            "resolved": "https://registry.npmjs.org/core-js/-/core-js-1.2.7.tgz",
            "integrity": "sha1-ZSKUwUZR2yj6k70tX/KYOk8IxjY="
        },
        "crypto-js": {
            "version": "3.1.9-1",
            "resolved": "https://registry.npmjs.org/crypto-js/-/crypto-js-3.1.9-1.tgz",
            "integrity": "sha1-/aGedh/Ad+Af+/3G6f38WeiAbNg="
        },
        "encoding": {
            "version": "0.1.12",
            "resolved": "https://registry.npmjs.org/encoding/-/encoding-0.1.12.tgz",
            "integrity": "sha1-U4tm8+5izRq1HsMjgp0flIDHS+s="
        },
        "fbjs": {
            "version": "0.8.12",
            "resolved": "https://registry.npmjs.org/fbjs/-/fbjs-0.8.12.tgz",
            "integrity": "sha1-ELXZL3bUVXX9Y6IX1OoCvqL47QQ="
        },
        "fs.realpath": {
            "version": "1.0.0",
            "resolved": "https://registry.npmjs.org/fs.realpath/-/fs.realpath-1.0.0.tgz",
            "integrity": "sha1-FQStJSMVjKpA20onh8sBQRmU6k8="
        },
        "glob": {
            "version": "7.1.2",
            "resolved": "https://registry.npmjs.org/glob/-/glob-7.1.2.tgz",
            "integrity": "sha512-MJTUg1kjuLeQCJ+ccE4Vpa6kKVXkPYJ2mOCQyUuKLcLQsdrMCpBPUi8qVE6+YuaJkozeA9NusTAw3hLr8Xe5EQ=="
        },
        "iconv-lite": {
            "version": "0.4.18",
            "resolved": "https://registry.npmjs.org/iconv-lite/-/iconv-lite-0.4.18.tgz",
            "integrity": "sha512-sr1ZQph3UwHTR0XftSbK85OvBbxe/abLGzEnPENCQwmHf7sck8Oyu4ob3LgBxWWxRoM+QszeUyl7jbqapu2TqA=="
        },
        "inflight": {
            "version": "1.0.6",
            "resolved": "https://registry.npmjs.org/inflight/-/inflight-1.0.6.tgz",
            "integrity": "sha1-Sb1jMdfQLQwJvJEKEHW6gWW1bfk="
        },
        "inherits": {
            "version": "2.0.3",
            "resolved": "https://registry.npmjs.org/inherits/-/inherits-2.0.3.tgz",
            "integrity": "sha1-Yzwsg+PaQqUC9SRmAiSA9CCCYd4="
        },
        "is-stream": {
            "version": "1.1.0",
            "resolved": "https://registry.npmjs.org/is-stream/-/is-stream-1.1.0.tgz",
            "integrity": "sha1-EtSj3U5o4Lec6428hBc66A2RykQ="
        },
        "isomorphic-fetch": {
            "version": "2.2.1",
            "resolved": "https://registry.npmjs.org/isomorphic-fetch/-/isomorphic-fetch-2.2.1.tgz",
            "integrity": "sha1-YRrhrPFPXoH3KVB0coGf6XM1WKk="
        },
        "js-tokens": {
            "version": "3.0.2",
            "resolved": "https://registry.npmjs.org/js-tokens/-/js-tokens-3.0.2.tgz",
            "integrity": "sha1-mGbfOVECEw449/mWvOtlRDIJwls="
        },
        "loose-envify": {
            "version": "1.3.1",
            "resolved": "https://registry.npmjs.org/loose-envify/-/loose-envify-1.3.1.tgz",
            "integrity": "sha1-0aitM/qc4OcT1l/dCsi3SNR4yEg="
        },
        "minimatch": {
            "version": "3.0.4",
            "resolved": "https://registry.npmjs.org/minimatch/-/minimatch-3.0.4.tgz",
            "integrity": "sha512-yJHVQEhyqPLUTgt9B83PXu6W3rx4MvvHvSUvToogpwoGDOUQ+yDrR0HRot+yOCdCO7u4hX3pWft6kWBBcqh0UA=="
        },
        "node-fetch": {
            "version": "1.7.1",
            "resolved": "https://registry.npmjs.org/node-fetch/-/node-fetch-1.7.1.tgz",
            "integrity": "sha512-j8XsFGCLw79vWXkZtMSmmLaOk9z5SQ9bV/tkbZVCqvgwzrjAGq66igobLofHtF63NvMTp2WjytpsNTGKa+XRIQ=="
        },
        "object-assign": {
            "version": "4.1.1",
            "resolved": "https://registry.npmjs.org/object-assign/-/object-assign-4.1.1.tgz",
            "integrity": "sha1-IQmtx5ZYh8/AXLvUQsrIv7s2CGM="
        },
        "once": {
            "version": "1.4.0",
            "resolved": "https://registry.npmjs.org/once/-/once-1.4.0.tgz",
            "integrity": "sha1-WDsap3WWHUsROsF9nFC6753Xa9E="
        },
        "path-is-absolute": {
            "version": "1.0.1",
            "resolved": "https://registry.npmjs.org/path-is-absolute/-/path-is-absolute-1.0.1.tgz",
            "integrity": "sha1-F0uSaHNVNP+8es5r9TpanhtcX18="
        },
        "promise": {
            "version": "7.3.1",
            "resolved": "https://registry.npmjs.org/promise/-/promise-7.3.1.tgz",
            "integrity": "sha512-nolQXZ/4L+bP/UGlkfaIujX9BKxGwmQ9OT4mOt5yvy8iK1h3wqTEJCijzGANTCCl9nWjY41juyAn2K3Q1hLLTg=="
        },
        "prop-types": {
            "version": "15.5.10",
            "resolved": "https://registry.npmjs.org/prop-types/-/prop-types-15.5.10.tgz",
            "integrity": "sha1-J5ffwxJhguOpXj37suiT3ddFYVQ="
        },
        "react-native-fetch-blob": {
            "version": "0.10.6",
            "resolved": "https://registry.npmjs.org/react-native-fetch-blob/-/react-native-fetch-blob-0.10.6.tgz",
            "integrity": "sha1-oAnJm79PNoHsyZHSU5hojcOPk/w="
        },
        "setimmediate": {
            "version": "1.0.5",
            "resolved": "https://registry.npmjs.org/setimmediate/-/setimmediate-1.0.5.tgz",
            "integrity": "sha1-KQy7Iy4waULX1+qbg3Mqt4VvgoU="
        },
        "ua-parser-js": {
            "version": "0.7.13",
            "resolved": "https://registry.npmjs.org/ua-parser-js/-/ua-parser-js-0.7.13.tgz",
            "integrity": "sha1-zZ3S+GSTs/RNvu7zeA/adMXuFL4="
        },
        "whatwg-fetch": {
            "version": "2.0.3",
            "resolved": "https://registry.npmjs.org/whatwg-fetch/-/whatwg-fetch-2.0.3.tgz",
            "integrity": "sha1-nITsLc9oGH/wC8ZOEnS0QhduHIQ="
        },
        "wrappy": {
            "version": "1.0.2",
            "resolved": "https://registry.npmjs.org/wrappy/-/wrappy-1.0.2.tgz",
            "integrity": "sha1-tSQ9jz7BqjXxNkYFvA0QNuMKtp8="
        }
    }
}
