// !$*UTF8*$!
{
	archiveVersion = 1;
	classes = {
	};
	objectVersion = 46;
	objects = {

/* Begin PBXBuildFile section */
		5267DA06210F0EDE00D20C59 /* RCTPdfView.m in Sources */ = {isa = PBXBuildFile; fileRef = 5267DA03210F0EDD00D20C59 /* RCTPdfView.m */; };
		5267DA07210F0EDE00D20C59 /* RCTPdfViewManager.m in Sources */ = {isa = PBXBuildFile; fileRef = 5267DA05210F0EDE00D20C59 /* RCTPdfViewManager.m */; };
		5267DA0A210F0F0800D20C59 /* PDFKit.framework in Frameworks */ = {isa = PBXBuildFile; fileRef = 5267DA09210F0F0800D20C59 /* PDFKit.framework */; };
		526B80401EABD92200259970 /* RCTPdfPageViewManager.m in Sources */ = {isa = PBXBuildFile; fileRef = 526B803F1EABD92200259970 /* RCTPdfPageViewManager.m */; };
		52A324EA1FD3C3FB000B0B18 /* PdfManager.m in Sources */ = {isa = PBXBuildFile; fileRef = 52A324E91FD3C3FB000B0B18 /* PdfManager.m */; };
		52F79DB71EB2DA4F00CAD00C /* RCTPdfPageView.m in Sources */ = {isa = PBXBuildFile; fileRef = 52F79DB41EB2DA4F00CAD00C /* RCTPdfPageView.m */; };
/* End PBXBuildFile section */

/* Begin PBXCopyFilesBuildPhase section */
		20D8E03D1C8E946C00039823 /* CopyFiles */ = {
			isa = PBXCopyFilesBuildPhase;
			buildActionMask = 2147483647;
			dstPath = "include/$(PRODUCT_NAME)";
			dstSubfolderSpec = 16;
			files = (
			);
			runOnlyForDeploymentPostprocessing = 0;
		};
/* End PBXCopyFilesBuildPhase section */

/* Begin PBXFileReference section */
		20D8E03F1C8E946C00039823 /* libRCTPdf.a */ = {isa = PBXFileReference; explicitFileType = archive.ar; includeInIndex = 0; path = libRCTPdf.a; sourceTree = BUILT_PRODUCTS_DIR; };
		5267DA02210F0EDD00D20C59 /* RCTPdfView.h */ = {isa = PBXFileReference; fileEncoding = 4; lastKnownFileType = sourcecode.c.h; path = RCTPdfView.h; sourceTree = "<group>"; };
		5267DA03210F0EDD00D20C59 /* RCTPdfView.m */ = {isa = PBXFileReference; fileEncoding = 4; lastKnownFileType = sourcecode.c.objc; path = RCTPdfView.m; sourceTree = "<group>"; };
		5267DA04210F0EDD00D20C59 /* RCTPdfViewManager.h */ = {isa = PBXFileReference; fileEncoding = 4; lastKnownFileType = sourcecode.c.h; path = RCTPdfViewManager.h; sourceTree = "<group>"; };
		5267DA05210F0EDE00D20C59 /* RCTPdfViewManager.m */ = {isa = PBXFileReference; fileEncoding = 4; lastKnownFileType = sourcecode.c.objc; path = RCTPdfViewManager.m; sourceTree = "<group>"; };
		5267DA09210F0F0800D20C59 /* PDFKit.framework */ = {isa = PBXFileReference; lastKnownFileType = wrapper.framework; name = PDFKit.framework; path = System/Library/Frameworks/PDFKit.framework; sourceTree = SDKROOT; };
		526B803E1EABD92200259970 /* RCTPdfPageViewManager.h */ = {isa = PBXFileReference; fileEncoding = 4; lastKnownFileType = sourcecode.c.h; path = RCTPdfPageViewManager.h; sourceTree = "<group>"; };
		526B803F1EABD92200259970 /* RCTPdfPageViewManager.m */ = {isa = PBXFileReference; fileEncoding = 4; lastKnownFileType = sourcecode.c.objc; path = RCTPdfPageViewManager.m; sourceTree = "<group>"; };
		52A324E81FD3C3FB000B0B18 /* PdfManager.h */ = {isa = PBXFileReference; fileEncoding = 4; lastKnownFileType = sourcecode.c.h; path = PdfManager.h; sourceTree = "<group>"; };
		52A324E91FD3C3FB000B0B18 /* PdfManager.m */ = {isa = PBXFileReference; fileEncoding = 4; lastKnownFileType = sourcecode.c.objc; path = PdfManager.m; sourceTree = "<group>"; };
		52F79DB31EB2DA4F00CAD00C /* RCTPdfPageView.h */ = {isa = PBXFileReference; fileEncoding = 4; lastKnownFileType = sourcecode.c.h; path = RCTPdfPageView.h; sourceTree = "<group>"; };
		52F79DB41EB2DA4F00CAD00C /* RCTPdfPageView.m */ = {isa = PBXFileReference; fileEncoding = 4; lastKnownFileType = sourcecode.c.objc; path = RCTPdfPageView.m; sourceTree = "<group>"; };
/* End PBXFileReference section */

/* Begin PBXFrameworksBuildPhase section */
		20D8E03C1C8E946C00039823 /* Frameworks */ = {
			isa = PBXFrameworksBuildPhase;
			buildActionMask = 2147483647;
			files = (
				5267DA0A210F0F0800D20C59 /* PDFKit.framework in Frameworks */,
			);
			runOnlyForDeploymentPostprocessing = 0;
		};
/* End PBXFrameworksBuildPhase section */

/* Begin PBXGroup section */
		20D8E0361C8E946C00039823 = {
			isa = PBXGroup;
			children = (
				20D8E0411C8E946C00039823 /* RCTPdf */,
				20D8E0401C8E946C00039823 /* Products */,
				5267DA08210F0F0800D20C59 /* Frameworks */,
			);
			sourceTree = "<group>";
		};
		20D8E0401C8E946C00039823 /* Products */ = {
			isa = PBXGroup;
			children = (
				20D8E03F1C8E946C00039823 /* libRCTPdf.a */,
			);
			name = Products;
			sourceTree = "<group>";
		};
		20D8E0411C8E946C00039823 /* RCTPdf */ = {
			isa = PBXGroup;
			children = (
				5267DA02210F0EDD00D20C59 /* RCTPdfView.h */,
				5267DA03210F0EDD00D20C59 /* RCTPdfView.m */,
				5267DA04210F0EDD00D20C59 /* RCTPdfViewManager.h */,
				5267DA05210F0EDE00D20C59 /* RCTPdfViewManager.m */,
				52A324E81FD3C3FB000B0B18 /* PdfManager.h */,
				52A324E91FD3C3FB000B0B18 /* PdfManager.m */,
				52F79DB31EB2DA4F00CAD00C /* RCTPdfPageView.h */,
				52F79DB41EB2DA4F00CAD00C /* RCTPdfPageView.m */,
				526B803E1EABD92200259970 /* RCTPdfPageViewManager.h */,
				526B803F1EABD92200259970 /* RCTPdfPageViewManager.m */,
			);
			path = RCTPdf;
			sourceTree = "<group>";
		};
		5267DA08210F0F0800D20C59 /* Frameworks */ = {
			isa = PBXGroup;
			children = (
				5267DA09210F0F0800D20C59 /* PDFKit.framework */,
			);
			name = Frameworks;
			sourceTree = "<group>";
		};
/* End PBXGroup section */

/* Begin PBXNativeTarget section */
		20D8E03E1C8E946C00039823 /* RCTPdf */ = {
			isa = PBXNativeTarget;
			buildConfigurationList = 20D8E0481C8E946C00039823 /* Build configuration list for PBXNativeTarget "RCTPdf" */;
			buildPhases = (
				20D8E03B1C8E946C00039823 /* Sources */,
				20D8E03C1C8E946C00039823 /* Frameworks */,
				20D8E03D1C8E946C00039823 /* CopyFiles */,
			);
			buildRules = (
			);
			dependencies = (
			);
			name = RCTPdf;
			productName = RCTPdf;
			productReference = 20D8E03F1C8E946C00039823 /* libRCTPdf.a */;
			productType = "com.apple.product-type.library.static";
		};
/* End PBXNativeTarget section */

/* Begin PBXProject section */
		20D8E0371C8E946C00039823 /* Project object */ = {
			isa = PBXProject;
			attributes = {
				LastUpgradeCheck = 0900;
				ORGANIZATIONNAME = wonday.org;
				TargetAttributes = {
					20D8E03E1C8E946C00039823 = {
						CreatedOnToolsVersion = 7.2.1;
						DevelopmentTeam = M8UXLTC426;
					};
				};
			};
			buildConfigurationList = 20D8E03A1C8E946C00039823 /* Build configuration list for PBXProject "RCTPdf" */;
			compatibilityVersion = "Xcode 3.2";
			developmentRegion = English;
			hasScannedForEncodings = 0;
			knownRegions = (
				en,
			);
			mainGroup = 20D8E0361C8E946C00039823;
			productRefGroup = 20D8E0401C8E946C00039823 /* Products */;
			projectDirPath = "";
			projectRoot = "";
			targets = (
				20D8E03E1C8E946C00039823 /* RCTPdf */,
			);
		};
/* End PBXProject section */

/* Begin PBXSourcesBuildPhase section */
		20D8E03B1C8E946C00039823 /* Sources */ = {
			isa = PBXSourcesBuildPhase;
			buildActionMask = 2147483647;
			files = (
				52A324EA1FD3C3FB000B0B18 /* PdfManager.m in Sources */,
				5267DA07210F0EDE00D20C59 /* RCTPdfViewManager.m in Sources */,
				5267DA06210F0EDE00D20C59 /* RCTPdfView.m in Sources */,
				526B80401EABD92200259970 /* RCTPdfPageViewManager.m in Sources */,
				52F79DB71EB2DA4F00CAD00C /* RCTPdfPageView.m in Sources */,
			);
			runOnlyForDeploymentPostprocessing = 0;
		};
/* End PBXSourcesBuildPhase section */

/* Begin XCBuildConfiguration section */
		20D8E0461C8E946C00039823 /* Debug */ = {
			isa = XCBuildConfiguration;
			buildSettings = {
				ALWAYS_SEARCH_USER_PATHS = NO;
				CLANG_CXX_LANGUAGE_STANDARD = "gnu++0x";
				CLANG_CXX_LIBRARY = "libc++";
				CLANG_ENABLE_MODULES = YES;
				CLANG_ENABLE_OBJC_ARC = YES;
				CLANG_WARN_BLOCK_CAPTURE_AUTORELEASING = YES;
				CLANG_WARN_BOOL_CONVERSION = YES;
				CLANG_WARN_COMMA = YES;
				CLANG_WARN_CONSTANT_CONVERSION = YES;
				CLANG_WARN_DIRECT_OBJC_ISA_USAGE = YES_ERROR;
				CLANG_WARN_EMPTY_BODY = YES;
				CLANG_WARN_ENUM_CONVERSION = YES;
				CLANG_WARN_INFINITE_RECURSION = YES;
				CLANG_WARN_INT_CONVERSION = YES;
				CLANG_WARN_NON_LITERAL_NULL_CONVERSION = YES;
				CLANG_WARN_OBJC_LITERAL_CONVERSION = YES;
				CLANG_WARN_OBJC_ROOT_CLASS = YES_ERROR;
				CLANG_WARN_RANGE_LOOP_ANALYSIS = YES;
				CLANG_WARN_STRICT_PROTOTYPES = YES;
				CLANG_WARN_SUSPICIOUS_MOVE = YES;
				CLANG_WARN_UNREACHABLE_CODE = YES;
				CLANG_WARN__DUPLICATE_METHOD_MATCH = YES;
				"CODE_SIGN_IDENTITY[sdk=iphoneos*]" = "iPhone Developer";
				COPY_PHASE_STRIP = NO;
				DEBUG_INFORMATION_FORMAT = dwarf;
				ENABLE_STRICT_OBJC_MSGSEND = YES;
				ENABLE_TESTABILITY = YES;
				GCC_C_LANGUAGE_STANDARD = gnu99;
				GCC_DYNAMIC_NO_PIC = NO;
				GCC_NO_COMMON_BLOCKS = YES;
				GCC_OPTIMIZATION_LEVEL = 0;
				GCC_PREPROCESSOR_DEFINITIONS = (
					"DEBUG=1",
					"$(inherited)",
				);
				GCC_WARN_64_TO_32_BIT_CONVERSION = YES;
				GCC_WARN_ABOUT_RETURN_TYPE = YES_ERROR;
				GCC_WARN_UNDECLARED_SELECTOR = YES;
				GCC_WARN_UNINITIALIZED_AUTOS = YES_AGGRESSIVE;
				GCC_WARN_UNUSED_FUNCTION = YES;
				GCC_WARN_UNUSED_VARIABLE = YES;
				IPHONEOS_DEPLOYMENT_TARGET = 8.0;
				MTL_ENABLE_DEBUG_INFO = YES;
				ONLY_ACTIVE_ARCH = YES;
				SDKROOT = iphoneos;
			};
			name = Debug;
		};
		20D8E0471C8E946C00039823 /* Release */ = {
			isa = XCBuildConfiguration;
			buildSettings = {
				ALWAYS_SEARCH_USER_PATHS = NO;
				CLANG_CXX_LANGUAGE_STANDARD = "gnu++0x";
				CLANG_CXX_LIBRARY = "libc++";
				CLANG_ENABLE_MODULES = YES;
				CLANG_ENABLE_OBJC_ARC = YES;
				CLANG_WARN_BLOCK_CAPTURE_AUTORELEASING = YES;
				CLANG_WARN_BOOL_CONVERSION = YES;
				CLANG_WARN_COMMA = YES;
				CLANG_WARN_CONSTANT_CONVERSION = YES;
				CLANG_WARN_DIRECT_OBJC_ISA_USAGE = YES_ERROR;
				CLANG_WARN_EMPTY_BODY = YES;
				CLANG_WARN_ENUM_CONVERSION = YES;
				CLANG_WARN_INFINITE_RECURSION = YES;
				CLANG_WARN_INT_CONVERSION = YES;
				CLANG_WARN_NON_LITERAL_NULL_CONVERSION = YES;
				CLANG_WARN_OBJC_LITERAL_CONVERSION = YES;
				CLANG_WARN_OBJC_ROOT_CLASS = YES_ERROR;
				CLANG_WARN_RANGE_LOOP_ANALYSIS = YES;
				CLANG_WARN_STRICT_PROTOTYPES = YES;
				CLANG_WARN_SUSPICIOUS_MOVE = YES;
				CLANG_WARN_UNREACHABLE_CODE = YES;
				CLANG_WARN__DUPLICATE_METHOD_MATCH = YES;
				"CODE_SIGN_IDENTITY[sdk=iphoneos*]" = "iPhone Developer";
				COPY_PHASE_STRIP = NO;
				DEBUG_INFORMATION_FORMAT = "dwarf-with-dsym";
				ENABLE_NS_ASSERTIONS = NO;
				ENABLE_STRICT_OBJC_MSGSEND = YES;
				GCC_C_LANGUAGE_STANDARD = gnu99;
				GCC_NO_COMMON_BLOCKS = YES;
				GCC_WARN_64_TO_32_BIT_CONVERSION = YES;
				GCC_WARN_ABOUT_RETURN_TYPE = YES_ERROR;
				GCC_WARN_UNDECLARED_SELECTOR = YES;
				GCC_WARN_UNINITIALIZED_AUTOS = YES_AGGRESSIVE;
				GCC_WARN_UNUSED_FUNCTION = YES;
				GCC_WARN_UNUSED_VARIABLE = YES;
				IPHONEOS_DEPLOYMENT_TARGET = 8.0;
				MTL_ENABLE_DEBUG_INFO = NO;
				SDKROOT = iphoneos;
				VALIDATE_PRODUCT = YES;
			};
			name = Release;
		};
		20D8E0491C8E946C00039823 /* Debug */ = {
			isa = XCBuildConfiguration;
			buildSettings = {
				HEADER_SEARCH_PATHS = (
					"$(inherited)",
					/Applications/Xcode.app/Contents/Developer/Toolchains/XcodeDefault.xctoolchain/usr/include,
					"$(SRCROOT)/../node_modules/react-native/React/**",
					"$(SRCROOT)/../../React/**",
					"$(SRCROOT)/../../react-native/React/**",
					"$(SRCROOT)/../../node_modules/react-native/React/**",
				);
				OTHER_LDFLAGS = "-ObjC";
				PRODUCT_NAME = "$(TARGET_NAME)";
				SKIP_INSTALL = YES;
			};
			name = Debug;
		};
		20D8E04A1C8E946C00039823 /* Release */ = {
			isa = XCBuildConfiguration;
			buildSettings = {
				HEADER_SEARCH_PATHS = (
					"$(inherited)",
					/Applications/Xcode.app/Contents/Developer/Toolchains/XcodeDefault.xctoolchain/usr/include,
					"$(SRCROOT)/../node_modules/react-native/React/**",
					"$(SRCROOT)/../../React/**",
					"$(SRCROOT)/../../react-native/React/**",
					"$(SRCROOT)/../../node_modules/react-native/React/**",
				);
				OTHER_LDFLAGS = "-ObjC";
				PRODUCT_NAME = "$(TARGET_NAME)";
				SKIP_INSTALL = YES;
			};
			name = Release;
		};
/* End XCBuildConfiguration section */

/* Begin XCConfigurationList section */
		20D8E03A1C8E946C00039823 /* Build configuration list for PBXProject "RCTPdf" */ = {
			isa = XCConfigurationList;
			buildConfigurations = (
				20D8E0461C8E946C00039823 /* Debug */,
				20D8E0471C8E946C00039823 /* Release */,
			);
			defaultConfigurationIsVisible = 0;
			defaultConfigurationName = Release;
		};
		20D8E0481C8E946C00039823 /* Build configuration list for PBXNativeTarget "RCTPdf" */ = {
			isa = XCConfigurationList;
			buildConfigurations = (
				20D8E0491C8E946C00039823 /* Debug */,
				20D8E04A1C8E946C00039823 /* Release */,
			);
			defaultConfigurationIsVisible = 0;
			defaultConfigurationName = Release;
		};
/* End XCConfigurationList section */
	};
	rootObject = 20D8E0371C8E946C00039823 /* Project object */;
}
